
Microsoft Visual Studio Solution File, Format Version 12.00
# Visual Studio 2012
Project("{2150E333-8FDC-42A3-9474-1A3956D46DE8}") = "Core", "Core", "{27E22DE9-8033-4D21-9FF8-003E22A855B7}"
EndProject
Project("{2150E333-8FDC-42A3-9474-1A3956D46DE8}") = "Test", "Test", "{78BCEBAE-E2E4-4D31-81B5-4EF00055490B}"
EndProject
Project("{FAE04EC0-301F-11D3-BF4B-00C04F79EFBC}") = "Binodata.Automapper.Extension", "Core\Binodata.Automapper.Extension\Binodata.Automapper.Extension.csproj", "{2A0564E9-0F75-4F97-9DCE-9AE12F6909F7}"
EndProject
Project("{FAE04EC0-301F-11D3-BF4B-00C04F79EFBC}") = "Binodata.Automapper.Extension.Test", "Test\Binodata.Automapper.Extension.Test\Binodata.Automapper.Extension.Test.csproj", "{FB3F23FC-3BFA-477D-A320-1FEED2AF319D}"
EndProject
Global
	GlobalSection(SolutionConfigurationPlatforms) = preSolution
		Debug|Any CPU = Debug|Any CPU
		Release|Any CPU = Release|Any CPU
	EndGlobalSection
	GlobalSection(ProjectConfigurationPlatforms) = postSolution
		{2A0564E9-0F75-4F97-9DCE-9AE12F6909F7}.Debug|Any CPU.ActiveCfg = Debug|Any CPU
		{2A0564E9-0F75-4F97-9DCE-9AE12F6909F7}.Debug|Any CPU.Build.0 = Debug|Any CPU
		{2A0564E9-0F75-4F97-9DCE-9AE12F6909F7}.Release|Any CPU.ActiveCfg = Release|Any CPU
		{2A0564E9-0F75-4F97-9DCE-9AE12F6909F7}.Release|Any CPU.Build.0 = Release|Any CPU
		{FB3F23FC-3BFA-477D-A320-1FEED2AF319D}.Debug|Any CPU.ActiveCfg = Debug|Any CPU
		{FB3F23FC-3BFA-477D-A320-1FEED2AF319D}.Debug|Any CPU.Build.0 = Debug|Any CPU
		{FB3F23FC-3BFA-477D-A320-1FEED2AF319D}.Release|Any CPU.ActiveCfg = Release|Any CPU
		{FB3F23FC-3BFA-477D-A320-1FEED2AF319D}.Release|Any CPU.Build.0 = Release|Any CPU
	EndGlobalSection
	GlobalSection(NestedProjects) = preSolution
		{2A0564E9-0F75-4F97-9DCE-9AE12F6909F7} = {27E22DE9-8033-4D21-9FF8-003E22A855B7}
		{FB3F23FC-3BFA-477D-A320-1FEED2AF319D} = {78BCEBAE-E2E4-4D31-81B5-4EF00055490B}
	EndGlobalSection
EndGlobal
